<Solution>
  <Project Path="MinecraftPT.Engine/MinecraftPT.Engine.csproj" Id="d22331ee-b2cd-4295-9083-c1936f5a4ac8" />
  <Project Path="MinecraftPT.Game/MinecraftPT.Game.csproj" Id="53c44f1c-3058-4dd7-a277-26a3328bed01" />
  <Project Path="MinecraftPT.Graphics.Vulkan/MinecraftPT.Graphics.Vulkan.csproj" Id="4e282b1c-da65-43a3-ab31-89df93cec56b" />
  <Project Path="MinecraftPT.Platform.Glfw/MinecraftPT.Platform.Glfw.csproj" Id="33e6f4b4-1f9d-431b-bbb9-80511ced45d7" />
  <Project Path="MinecraftPT.TextureCompiler/MinecraftPT.TextureCompiler.csproj" Id="8acec168-0898-4295-9143-e61a21eddfc7" />
  <Project Path="MinecraftPT.Utils/MinecraftPT.Utils.csproj" Id="043032ce-87e2-41a5-b0b3-27f9d2320ffd" />
  <Project Path="MinecraftPT.Streamline/MinecraftPT.Streamline.csproj" />
  <Project Path="MinecraftPT.ShaderCompiler/MinecraftPT.ShaderCompiler.csproj" />
  <Project Path="MinecraftPT.Tests/MinecraftPT.Tests.csproj" />
  <Project Path="MinecraftPT/MinecraftPT.csproj" />
</Solution>
